
Microsoft Visual Studio Solution File, Format Version 12.00
# Visual Studio Version 16
VisualStudioVersion = 16.0.28922.388
MinimumVisualStudioVersion = 10.0.40219.1
Project("{9A19103F-16F7-4668-BE54-9A1E7A4F7556}") = "CDSProxy", "src\CDSProxy.csproj", "{988EF9F5-FF3F-46BD-9276-2601F3CF7861}"
EndProject
Global
	GlobalSection(SolutionConfigurationPlatforms) = preSolution
		Debug|Any CPU = Debug|Any CPU
		Release|Any CPU = Release|Any CPU
	EndGlobalSection
	GlobalSection(ProjectConfigurationPlatforms) = postSolution
		{988EF9F5-FF3F-46BD-9276-2601F3CF7861}.Debug|Any CPU.ActiveCfg = Debug|Any CPU
		{988EF9F5-FF3F-46BD-9276-2601F3CF7861}.Debug|Any CPU.Build.0 = Debug|Any CPU
		{988EF9F5-FF3F-46BD-9276-2601F3CF7861}.Release|Any CPU.ActiveCfg = Release|Any CPU
		{988EF9F5-FF3F-46BD-9276-2601F3CF7861}.Release|Any CPU.Build.0 = Release|Any CPU
	EndGlobalSection
	GlobalSection(SolutionProperties) = preSolution
		HideSolutionNode = FALSE
	EndGlobalSection
	GlobalSection(ExtensibilityGlobals) = postSolution
		SolutionGuid = {F41DA844-9F57-4268-9F71-59A2479EB748}
	EndGlobalSection
EndGlobal
